
Microsoft Visual Studio Solution File, Format Version 12.00
# Visual Studio 14
VisualStudioVersion = 14.0.25420.1
MinimumVisualStudioVersion = 10.0.40219.1
Project("{262852C6-CD72-467D-83FE-5EEB1973A190}") = "App", "App\App.jsproj", "{48F0E57D-94BE-42D0-A11A-E3A2ECC6369C}"
EndProject
Global
	GlobalSection(SolutionConfigurationPlatforms) = preSolution
		Debug|Android = Debug|Android
		Debug|iOS = Debug|iOS
		Debug|Windows Phone (Universal) = Debug|Windows Phone (Universal)
		Debug|Windows Phone 8 = Debug|Windows Phone 8
		Debug|Windows-AnyCPU = Debug|Windows-AnyCPU
		Debug|Windows-ARM = Debug|Windows-ARM
		Debug|Windows-x64 = Debug|Windows-x64
		Debug|Windows-x86 = Debug|Windows-x86
		Release|Android = Release|Android
		Release|iOS = Release|iOS
		Release|Windows Phone (Universal) = Release|Windows Phone (Universal)
		Release|Windows Phone 8 = Release|Windows Phone 8
		Release|Windows-AnyCPU = Release|Windows-AnyCPU
		Release|Windows-ARM = Release|Windows-ARM
		Release|Windows-x64 = Release|Windows-x64
		Release|Windows-x86 = Release|Windows-x86
	EndGlobalSection
	GlobalSection(ProjectConfigurationPlatforms) = postSolution
		{48F0E57D-94BE-42D0-A11A-E3A2ECC6369C}.Debug|Android.ActiveCfg = Debug|Android
		{48F0E57D-94BE-42D0-A11A-E3A2ECC6369C}.Debug|Android.Build.0 = Debug|Android
		{48F0E57D-94BE-42D0-A11A-E3A2ECC6369C}.Debug|Android.Deploy.0 = Debug|Android
		{48F0E57D-94BE-42D0-A11A-E3A2ECC6369C}.Debug|iOS.ActiveCfg = Debug|iOS
		{48F0E57D-94BE-42D0-A11A-E3A2ECC6369C}.Debug|iOS.Build.0 = Debug|iOS
		{48F0E57D-94BE-42D0-A11A-E3A2ECC6369C}.Debug|iOS.Deploy.0 = Debug|iOS
		{48F0E57D-94BE-42D0-A11A-E3A2ECC6369C}.Debug|Windows Phone (Universal).ActiveCfg = Debug|Windows Phone (Universal)
		{48F0E57D-94BE-42D0-A11A-E3A2ECC6369C}.Debug|Windows Phone (Universal).Build.0 = Debug|Windows Phone (Universal)
		{48F0E57D-94BE-42D0-A11A-E3A2ECC6369C}.Debug|Windows Phone (Universal).Deploy.0 = Debug|Windows Phone (Universal)
		{48F0E57D-94BE-42D0-A11A-E3A2ECC6369C}.Debug|Windows Phone 8.ActiveCfg = Debug|Windows Phone 8
		{48F0E57D-94BE-42D0-A11A-E3A2ECC6369C}.Debug|Windows Phone 8.Build.0 = Debug|Windows Phone 8
		{48F0E57D-94BE-42D0-A11A-E3A2ECC6369C}.Debug|Windows Phone 8.Deploy.0 = Debug|Windows Phone 8
		{48F0E57D-94BE-42D0-A11A-E3A2ECC6369C}.Debug|Windows-AnyCPU.ActiveCfg = Debug|Windows-AnyCPU
		{48F0E57D-94BE-42D0-A11A-E3A2ECC6369C}.Debug|Windows-AnyCPU.Build.0 = Debug|Windows-AnyCPU
		{48F0E57D-94BE-42D0-A11A-E3A2ECC6369C}.Debug|Windows-AnyCPU.Deploy.0 = Debug|Windows-AnyCPU
		{48F0E57D-94BE-42D0-A11A-E3A2ECC6369C}.Debug|Windows-ARM.ActiveCfg = Debug|Windows-ARM
		{48F0E57D-94BE-42D0-A11A-E3A2ECC6369C}.Debug|Windows-ARM.Build.0 = Debug|Windows-ARM
		{48F0E57D-94BE-42D0-A11A-E3A2ECC6369C}.Debug|Windows-ARM.Deploy.0 = Debug|Windows-ARM
		{48F0E57D-94BE-42D0-A11A-E3A2ECC6369C}.Debug|Windows-x64.ActiveCfg = Debug|Windows-x64
		{48F0E57D-94BE-42D0-A11A-E3A2ECC6369C}.Debug|Windows-x64.Build.0 = Debug|Windows-x64
		{48F0E57D-94BE-42D0-A11A-E3A2ECC6369C}.Debug|Windows-x64.Deploy.0 = Debug|Windows-x64
		{48F0E57D-94BE-42D0-A11A-E3A2ECC6369C}.Debug|Windows-x86.ActiveCfg = Debug|Windows-x86
		{48F0E57D-94BE-42D0-A11A-E3A2ECC6369C}.Debug|Windows-x86.Build.0 = Debug|Windows-x86
		{48F0E57D-94BE-42D0-A11A-E3A2ECC6369C}.Debug|Windows-x86.Deploy.0 = Debug|Windows-x86
		{48F0E57D-94BE-42D0-A11A-E3A2ECC6369C}.Release|Android.ActiveCfg = Release|Android
		{48F0E57D-94BE-42D0-A11A-E3A2ECC6369C}.Release|Android.Build.0 = Release|Android
		{48F0E57D-94BE-42D0-A11A-E3A2ECC6369C}.Release|Android.Deploy.0 = Release|Android
		{48F0E57D-94BE-42D0-A11A-E3A2ECC6369C}.Release|iOS.ActiveCfg = Release|iOS
		{48F0E57D-94BE-42D0-A11A-E3A2ECC6369C}.Release|iOS.Build.0 = Release|iOS
		{48F0E57D-94BE-42D0-A11A-E3A2ECC6369C}.Release|iOS.Deploy.0 = Release|iOS
		{48F0E57D-94BE-42D0-A11A-E3A2ECC6369C}.Release|Windows Phone (Universal).ActiveCfg = Release|Windows Phone (Universal)
		{48F0E57D-94BE-42D0-A11A-E3A2ECC6369C}.Release|Windows Phone (Universal).Build.0 = Release|Windows Phone (Universal)
		{48F0E57D-94BE-42D0-A11A-E3A2ECC6369C}.Release|Windows Phone (Universal).Deploy.0 = Release|Windows Phone (Universal)
		{48F0E57D-94BE-42D0-A11A-E3A2ECC6369C}.Release|Windows Phone 8.ActiveCfg = Release|Windows Phone 8
		{48F0E57D-94BE-42D0-A11A-E3A2ECC6369C}.Release|Windows Phone 8.Build.0 = Release|Windows Phone 8
		{48F0E57D-94BE-42D0-A11A-E3A2ECC6369C}.Release|Windows Phone 8.Deploy.0 = Release|Windows Phone 8
		{48F0E57D-94BE-42D0-A11A-E3A2ECC6369C}.Release|Windows-AnyCPU.ActiveCfg = Release|Windows-AnyCPU
		{48F0E57D-94BE-42D0-A11A-E3A2ECC6369C}.Release|Windows-AnyCPU.Build.0 = Release|Windows-AnyCPU
		{48F0E57D-94BE-42D0-A11A-E3A2ECC6369C}.Release|Windows-AnyCPU.Deploy.0 = Release|Windows-AnyCPU
		{48F0E57D-94BE-42D0-A11A-E3A2ECC6369C}.Release|Windows-ARM.ActiveCfg = Release|Windows-ARM
		{48F0E57D-94BE-42D0-A11A-E3A2ECC6369C}.Release|Windows-ARM.Build.0 = Release|Windows-ARM
		{48F0E57D-94BE-42D0-A11A-E3A2ECC6369C}.Release|Windows-ARM.Deploy.0 = Release|Windows-ARM
		{48F0E57D-94BE-42D0-A11A-E3A2ECC6369C}.Release|Windows-x64.ActiveCfg = Release|Windows-x64
		{48F0E57D-94BE-42D0-A11A-E3A2ECC6369C}.Release|Windows-x64.Build.0 = Release|Windows-x64
		{48F0E57D-94BE-42D0-A11A-E3A2ECC6369C}.Release|Windows-x64.Deploy.0 = Release|Windows-x64
		{48F0E57D-94BE-42D0-A11A-E3A2ECC6369C}.Release|Windows-x86.ActiveCfg = Release|Windows-x86
		{48F0E57D-94BE-42D0-A11A-E3A2ECC6369C}.Release|Windows-x86.Build.0 = Release|Windows-x86
		{48F0E57D-94BE-42D0-A11A-E3A2ECC6369C}.Release|Windows-x86.Deploy.0 = Release|Windows-x86
	EndGlobalSection
	GlobalSection(SolutionProperties) = preSolution
		HideSolutionNode = FALSE
	EndGlobalSection
	GlobalSection(TeamFoundationVersionControl) = preSolution
		SccNumberOfProjects = 2
		SccEnterpriseProvider = {4CA58AB2-18FA-4F8D-95D4-32DDF27D184C}
		SccTeamFoundationServer = http://183.247.168.4:4008/tfs/defaultcollection
		SccLocalPath0 = .
		SccProjectUniqueName1 = App\\App.jsproj
		SccProjectName1 = App
		SccLocalPath1 = App
	EndGlobalSection
EndGlobal
